
Microsoft Visual Studio Solution File, Format Version 12.00
# Visual Studio 15
VisualStudioVersion = 15.0.28307.106
MinimumVisualStudioVersion = 10.0.40219.1
Project("{FAE04EC0-301F-11D3-BF4B-00C04F79EFBC}") = "CountingValleys", "CountingValleys\CountingValleys.csproj", "{08594E1C-79A7-4785-A2BD-A6DC4B5EA793}"
EndProject
Global
	GlobalSection(SolutionConfigurationPlatforms) = preSolution
		Debug|Any CPU = Debug|Any CPU
		Release|Any CPU = Release|Any CPU
	EndGlobalSection
	GlobalSection(ProjectConfigurationPlatforms) = postSolution
		{08594E1C-79A7-4785-A2BD-A6DC4B5EA793}.Debug|Any CPU.ActiveCfg = Debug|Any CPU
		{08594E1C-79A7-4785-A2BD-A6DC4B5EA793}.Debug|Any CPU.Build.0 = Debug|Any CPU
		{08594E1C-79A7-4785-A2BD-A6DC4B5EA793}.Release|Any CPU.ActiveCfg = Release|Any CPU
		{08594E1C-79A7-4785-A2BD-A6DC4B5EA793}.Release|Any CPU.Build.0 = Release|Any CPU
	EndGlobalSection
	GlobalSection(SolutionProperties) = preSolution
		HideSolutionNode = FALSE
	EndGlobalSection
	GlobalSection(ExtensibilityGlobals) = postSolution
		SolutionGuid = {52FCB5A4-12D2-4836-BED3-86AFC17B3F4D}
	EndGlobalSection
EndGlobal
